// !$*UTF8*$!
{
	archiveVersion = 1;
	classes = {
	};
	objectVersion = 56;
	objects = {

/* Begin PBXBuildFile section */
		DACD5AD92F140FF500B8D83F /* SystemShortcutManager.swift in Sources */ = {isa = PBXBuildFile; fileRef = DACD5AD72F140FF500B8D83F /* SystemShortcutManager.swift */; };
		DACD5ADA2F140FF500B8D83F /* WebcamManager.swift in Sources */ = {isa = PBXBuildFile; fileRef = DACD5AD82F140FF500B8D83F /* WebcamManager.swift */; };
		SC001 /* ScreenCaptureApp.swift in Sources */ = {isa = PBXBuildFile; fileRef = SC101 /* ScreenCaptureApp.swift */; };
		SC002 /* AppDelegate.swift in Sources */ = {isa = PBXBuildFile; fileRef = SC102 /* AppDelegate.swift */; };
		SC003 /* MenuBarController.swift in Sources */ = {isa = PBXBuildFile; fileRef = SC103 /* MenuBarController.swift */; };
		SC004 /* ScreenshotManager.swift in Sources */ = {isa = PBXBuildFile; fileRef = SC104 /* ScreenshotManager.swift */; };
		SC005 /* ScreenRecordingManager.swift in Sources */ = {isa = PBXBuildFile; fileRef = SC105 /* ScreenRecordingManager.swift */; };
		SC006 /* AnnotationEditor.swift in Sources */ = {isa = PBXBuildFile; fileRef = SC106 /* AnnotationEditor.swift */; };
		SC007 /* QuickAccessOverlay.swift in Sources */ = {isa = PBXBuildFile; fileRef = SC107 /* QuickAccessOverlay.swift */; };
		SC008 /* CaptureHistoryView.swift in Sources */ = {isa = PBXBuildFile; fileRef = SC108 /* CaptureHistoryView.swift */; };
		SC009 /* PinnedScreenshotWindow.swift in Sources */ = {isa = PBXBuildFile; fileRef = SC109 /* PinnedScreenshotWindow.swift */; };
		SC010 /* OCRService.swift in Sources */ = {isa = PBXBuildFile; fileRef = SC110 /* OCRService.swift */; };
		SC011 /* PreferencesView.swift in Sources */ = {isa = PBXBuildFile; fileRef = SC111 /* PreferencesView.swift */; };
		SC012 /* SelectionOverlay.swift in Sources */ = {isa = PBXBuildFile; fileRef = SC112 /* SelectionOverlay.swift */; };
		SC013 /* CaptureModel.swift in Sources */ = {isa = PBXBuildFile; fileRef = SC113 /* CaptureModel.swift */; };
		SC014 /* StorageManager.swift in Sources */ = {isa = PBXBuildFile; fileRef = SC114 /* StorageManager.swift */; };
		SC015 /* KeyboardShortcuts.swift in Sources */ = {isa = PBXBuildFile; fileRef = SC115 /* KeyboardShortcuts.swift */; };
		SC016 /* AnnotationTypes.swift in Sources */ = {isa = PBXBuildFile; fileRef = SC116 /* AnnotationTypes.swift */; };
		SC017 /* AnnotationCanvas.swift in Sources */ = {isa = PBXBuildFile; fileRef = SC117 /* AnnotationCanvas.swift */; };
		SC018 /* ToolbarView.swift in Sources */ = {isa = PBXBuildFile; fileRef = SC118 /* ToolbarView.swift */; };
		SC019 /* ColorPickerView.swift in Sources */ = {isa = PBXBuildFile; fileRef = SC119 /* ColorPickerView.swift */; };
		SC020 /* ScrollingCapture.swift in Sources */ = {isa = PBXBuildFile; fileRef = SC120 /* ScrollingCapture.swift */; };
		SC021 /* GIFEncoder.swift in Sources */ = {isa = PBXBuildFile; fileRef = SC121 /* GIFEncoder.swift */; };
		SC022 /* BackgroundTool.swift in Sources */ = {isa = PBXBuildFile; fileRef = SC122 /* BackgroundTool.swift */; };
		SC023 /* Assets.xcassets in Resources */ = {isa = PBXBuildFile; fileRef = SC150 /* Assets.xcassets */; };
		SC024 /* MainMenu.xib in Resources */ = {isa = PBXBuildFile; fileRef = SC151 /* MainMenu.xib */; };
		SC025 /* DebugLogger.swift in Sources */ = {isa = PBXBuildFile; fileRef = SC123 /* DebugLogger.swift */; };
		SC026 /* DesignSystem.swift in Sources */ = {isa = PBXBuildFile; fileRef = SC124 /* DesignSystem.swift */; };
		SC028 /* KeyboardShortcutsOverlay.swift in Sources */ = {isa = PBXBuildFile; fileRef = SC126 /* KeyboardShortcutsOverlay.swift */; };
		SC029 /* LayerPanelView.swift in Sources */ = {isa = PBXBuildFile; fileRef = SC127 /* LayerPanelView.swift */; };
		TST001 /* CaptureItemTests.swift in Sources */ = {isa = PBXBuildFile; fileRef = TSTF001 /* CaptureItemTests.swift */; };
		TST002 /* CaptureHistoryTests.swift in Sources */ = {isa = PBXBuildFile; fileRef = TSTF002 /* CaptureHistoryTests.swift */; };
		TST003 /* AnnotationTypesTests.swift in Sources */ = {isa = PBXBuildFile; fileRef = TSTF003 /* AnnotationTypesTests.swift */; };
		TST004 /* StorageManagerTests.swift in Sources */ = {isa = PBXBuildFile; fileRef = TSTF004 /* StorageManagerTests.swift */; };
		TST005 /* GIFEncoderTests.swift in Sources */ = {isa = PBXBuildFile; fileRef = TSTF005 /* GIFEncoderTests.swift */; };
		TST006 /* TestImageGenerator.swift in Sources */ = {isa = PBXBuildFile; fileRef = TSTF006 /* TestImageGenerator.swift */; };
		TST007 /* StorageIntegrationTests.swift in Sources */ = {isa = PBXBuildFile; fileRef = TSTF007 /* StorageIntegrationTests.swift */; };
		TST008 /* ScreenCaptureUITests.swift in Sources */ = {isa = PBXBuildFile; fileRef = TSTF008 /* ScreenCaptureUITests.swift */; };
		TST009 /* KeyboardShortcutsTests.swift in Sources */ = {isa = PBXBuildFile; fileRef = TSTF009 /* KeyboardShortcutsTests.swift */; };
		TST010 /* OCRServiceTests.swift in Sources */ = {isa = PBXBuildFile; fileRef = TSTF010 /* OCRServiceTests.swift */; };
		TST011 /* ImageStitcherTests.swift in Sources */ = {isa = PBXBuildFile; fileRef = TSTF011 /* ImageStitcherTests.swift */; };
		TST012 /* DebugLoggerTests.swift in Sources */ = {isa = PBXBuildFile; fileRef = TSTF012 /* DebugLoggerTests.swift */; };
		TST013 /* Mocks.swift in Sources */ = {isa = PBXBuildFile; fileRef = TSTF013 /* Mocks.swift */; };
		TST014 /* SystemShortcutManagerTests.swift in Sources */ = {isa = PBXBuildFile; fileRef = TSTF014 /* SystemShortcutManagerTests.swift */; };
		TST016 /* ScreenshotManagerTests.swift in Sources */ = {isa = PBXBuildFile; fileRef = TSTF016 /* ScreenshotManagerTests.swift */; };
		TST017 /* ScreenRecordingManagerTests.swift in Sources */ = {isa = PBXBuildFile; fileRef = TSTF017 /* ScreenRecordingManagerTests.swift */; };
		TST018 /* WebcamManagerTests.swift in Sources */ = {isa = PBXBuildFile; fileRef = TSTF018 /* WebcamManagerTests.swift */; };
		TST019 /* ScrollingCaptureTests.swift in Sources */ = {isa = PBXBuildFile; fileRef = TSTF019 /* ScrollingCaptureTests.swift */; };
		TST020 /* MenuBarControllerTests.swift in Sources */ = {isa = PBXBuildFile; fileRef = TSTF020 /* MenuBarControllerTests.swift */; };
/* End PBXBuildFile section */

/* Begin PBXContainerItemProxy section */
		TSTPROXY001 /* PBXContainerItemProxy */ = {
			isa = PBXContainerItemProxy;
			containerPortal = SC600 /* Project object */;
			proxyType = 1;
			remoteGlobalIDString = SC400;
			remoteInfo = ScreenCapture;
		};
		TSTPROXY002 /* PBXContainerItemProxy */ = {
			isa = PBXContainerItemProxy;
			containerPortal = SC600 /* Project object */;
			proxyType = 1;
			remoteGlobalIDString = SC400;
			remoteInfo = ScreenCapture;
		};
		TSTPROXY003 /* PBXContainerItemProxy */ = {
			isa = PBXContainerItemProxy;
			containerPortal = SC600 /* Project object */;
			proxyType = 1;
			remoteGlobalIDString = SC400;
			remoteInfo = ScreenCapture;
		};
/* End PBXContainerItemProxy section */

/* Begin PBXFileReference section */
		DACD5AD72F140FF500B8D83F /* SystemShortcutManager.swift */ = {isa = PBXFileReference; lastKnownFileType = sourcecode.swift; path = SystemShortcutManager.swift; sourceTree = "<group>"; };
		DACD5AD82F140FF500B8D83F /* WebcamManager.swift */ = {isa = PBXFileReference; lastKnownFileType = sourcecode.swift; path = WebcamManager.swift; sourceTree = "<group>"; };
		SC100 /* ScreenCapture.app */ = {isa = PBXFileReference; explicitFileType = wrapper.application; includeInIndex = 0; path = ScreenCapture.app; sourceTree = BUILT_PRODUCTS_DIR; };
		SC101 /* ScreenCaptureApp.swift */ = {isa = PBXFileReference; lastKnownFileType = sourcecode.swift; path = ScreenCaptureApp.swift; sourceTree = "<group>"; };
		SC102 /* AppDelegate.swift */ = {isa = PBXFileReference; lastKnownFileType = sourcecode.swift; path = AppDelegate.swift; sourceTree = "<group>"; };
		SC103 /* MenuBarController.swift */ = {isa = PBXFileReference; lastKnownFileType = sourcecode.swift; path = MenuBarController.swift; sourceTree = "<group>"; };
		SC104 /* ScreenshotManager.swift */ = {isa = PBXFileReference; lastKnownFileType = sourcecode.swift; path = ScreenshotManager.swift; sourceTree = "<group>"; };
		SC105 /* ScreenRecordingManager.swift */ = {isa = PBXFileReference; lastKnownFileType = sourcecode.swift; path = ScreenRecordingManager.swift; sourceTree = "<group>"; };
		SC106 /* AnnotationEditor.swift */ = {isa = PBXFileReference; lastKnownFileType = sourcecode.swift; path = AnnotationEditor.swift; sourceTree = "<group>"; };
		SC107 /* QuickAccessOverlay.swift */ = {isa = PBXFileReference; lastKnownFileType = sourcecode.swift; path = QuickAccessOverlay.swift; sourceTree = "<group>"; };
		SC108 /* CaptureHistoryView.swift */ = {isa = PBXFileReference; lastKnownFileType = sourcecode.swift; path = CaptureHistoryView.swift; sourceTree = "<group>"; };
		SC109 /* PinnedScreenshotWindow.swift */ = {isa = PBXFileReference; lastKnownFileType = sourcecode.swift; path = PinnedScreenshotWindow.swift; sourceTree = "<group>"; };
		SC110 /* OCRService.swift */ = {isa = PBXFileReference; lastKnownFileType = sourcecode.swift; path = OCRService.swift; sourceTree = "<group>"; };
		SC111 /* PreferencesView.swift */ = {isa = PBXFileReference; lastKnownFileType = sourcecode.swift; path = PreferencesView.swift; sourceTree = "<group>"; };
		SC112 /* SelectionOverlay.swift */ = {isa = PBXFileReference; lastKnownFileType = sourcecode.swift; path = SelectionOverlay.swift; sourceTree = "<group>"; };
		SC113 /* CaptureModel.swift */ = {isa = PBXFileReference; lastKnownFileType = sourcecode.swift; path = CaptureModel.swift; sourceTree = "<group>"; };
		SC114 /* StorageManager.swift */ = {isa = PBXFileReference; lastKnownFileType = sourcecode.swift; path = StorageManager.swift; sourceTree = "<group>"; };
		SC115 /* KeyboardShortcuts.swift */ = {isa = PBXFileReference; lastKnownFileType = sourcecode.swift; path = KeyboardShortcuts.swift; sourceTree = "<group>"; };
		SC116 /* AnnotationTypes.swift */ = {isa = PBXFileReference; lastKnownFileType = sourcecode.swift; path = AnnotationTypes.swift; sourceTree = "<group>"; };
		SC117 /* AnnotationCanvas.swift */ = {isa = PBXFileReference; lastKnownFileType = sourcecode.swift; path = AnnotationCanvas.swift; sourceTree = "<group>"; };
		SC118 /* ToolbarView.swift */ = {isa = PBXFileReference; lastKnownFileType = sourcecode.swift; path = ToolbarView.swift; sourceTree = "<group>"; };
		SC119 /* ColorPickerView.swift */ = {isa = PBXFileReference; lastKnownFileType = sourcecode.swift; path = ColorPickerView.swift; sourceTree = "<group>"; };
		SC120 /* ScrollingCapture.swift */ = {isa = PBXFileReference; lastKnownFileType = sourcecode.swift; path = ScrollingCapture.swift; sourceTree = "<group>"; };
		SC121 /* GIFEncoder.swift */ = {isa = PBXFileReference; lastKnownFileType = sourcecode.swift; path = GIFEncoder.swift; sourceTree = "<group>"; };
		SC122 /* BackgroundTool.swift */ = {isa = PBXFileReference; lastKnownFileType = sourcecode.swift; path = BackgroundTool.swift; sourceTree = "<group>"; };
		SC123 /* DebugLogger.swift */ = {isa = PBXFileReference; lastKnownFileType = sourcecode.swift; path = DebugLogger.swift; sourceTree = "<group>"; };
		SC124 /* DesignSystem.swift */ = {isa = PBXFileReference; lastKnownFileType = sourcecode.swift; path = DesignSystem.swift; sourceTree = "<group>"; };
		SC126 /* KeyboardShortcutsOverlay.swift */ = {isa = PBXFileReference; lastKnownFileType = sourcecode.swift; path = KeyboardShortcutsOverlay.swift; sourceTree = "<group>"; };
		SC127 /* LayerPanelView.swift */ = {isa = PBXFileReference; lastKnownFileType = sourcecode.swift; path = LayerPanelView.swift; sourceTree = "<group>"; };
		SC150 /* Assets.xcassets */ = {isa = PBXFileReference; lastKnownFileType = folder.assetcatalog; path = Assets.xcassets; sourceTree = "<group>"; };
		SC151 /* MainMenu.xib */ = {isa = PBXFileReference; lastKnownFileType = file.xib; path = MainMenu.xib; sourceTree = "<group>"; };
		SC152 /* Info.plist */ = {isa = PBXFileReference; lastKnownFileType = text.plist.xml; path = Info.plist; sourceTree = "<group>"; };
		SC153 /* ScreenCapture.entitlements */ = {isa = PBXFileReference; lastKnownFileType = text.plist.entitlements; path = ScreenCapture.entitlements; sourceTree = "<group>"; };
		TSTPROD001 /* ScreenCaptureTests.xctest */ = {isa = PBXFileReference; explicitFileType = wrapper.cfbundle; includeInIndex = 0; path = ScreenCaptureTests.xctest; sourceTree = BUILT_PRODUCTS_DIR; };
		TSTPROD002 /* ScreenCaptureIntegrationTests.xctest */ = {isa = PBXFileReference; explicitFileType = wrapper.cfbundle; includeInIndex = 0; path = ScreenCaptureIntegrationTests.xctest; sourceTree = BUILT_PRODUCTS_DIR; };
		TSTPROD003 /* ScreenCaptureUITests.xctest */ = {isa = PBXFileReference; explicitFileType = wrapper.cfbundle; includeInIndex = 0; path = ScreenCaptureUITests.xctest; sourceTree = BUILT_PRODUCTS_DIR; };
		TSTF001 /* CaptureItemTests.swift */ = {isa = PBXFileReference; lastKnownFileType = sourcecode.swift; path = CaptureItemTests.swift; sourceTree = "<group>"; };
		TSTF002 /* CaptureHistoryTests.swift */ = {isa = PBXFileReference; lastKnownFileType = sourcecode.swift; path = CaptureHistoryTests.swift; sourceTree = "<group>"; };
		TSTF003 /* AnnotationTypesTests.swift */ = {isa = PBXFileReference; lastKnownFileType = sourcecode.swift; path = AnnotationTypesTests.swift; sourceTree = "<group>"; };
		TSTF004 /* StorageManagerTests.swift */ = {isa = PBXFileReference; lastKnownFileType = sourcecode.swift; path = StorageManagerTests.swift; sourceTree = "<group>"; };
		TSTF005 /* GIFEncoderTests.swift */ = {isa = PBXFileReference; lastKnownFileType = sourcecode.swift; path = GIFEncoderTests.swift; sourceTree = "<group>"; };
		TSTF006 /* TestImageGenerator.swift */ = {isa = PBXFileReference; lastKnownFileType = sourcecode.swift; path = TestImageGenerator.swift; sourceTree = "<group>"; };
		TSTF007 /* StorageIntegrationTests.swift */ = {isa = PBXFileReference; lastKnownFileType = sourcecode.swift; path = StorageIntegrationTests.swift; sourceTree = "<group>"; };
		TSTF008 /* ScreenCaptureUITests.swift */ = {isa = PBXFileReference; lastKnownFileType = sourcecode.swift; path = ScreenCaptureUITests.swift; sourceTree = "<group>"; };
		TSTF009 /* KeyboardShortcutsTests.swift */ = {isa = PBXFileReference; lastKnownFileType = sourcecode.swift; path = KeyboardShortcutsTests.swift; sourceTree = "<group>"; };
		TSTF010 /* OCRServiceTests.swift */ = {isa = PBXFileReference; lastKnownFileType = sourcecode.swift; path = OCRServiceTests.swift; sourceTree = "<group>"; };
		TSTF011 /* ImageStitcherTests.swift */ = {isa = PBXFileReference; lastKnownFileType = sourcecode.swift; path = ImageStitcherTests.swift; sourceTree = "<group>"; };
		TSTF012 /* DebugLoggerTests.swift */ = {isa = PBXFileReference; lastKnownFileType = sourcecode.swift; path = DebugLoggerTests.swift; sourceTree = "<group>"; };
		TSTF013 /* Mocks.swift */ = {isa = PBXFileReference; lastKnownFileType = sourcecode.swift; path = Mocks.swift; sourceTree = "<group>"; };
		TSTF014 /* SystemShortcutManagerTests.swift */ = {isa = PBXFileReference; lastKnownFileType = sourcecode.swift; path = SystemShortcutManagerTests.swift; sourceTree = "<group>"; };
		TSTF016 /* ScreenshotManagerTests.swift */ = {isa = PBXFileReference; lastKnownFileType = sourcecode.swift; path = ScreenshotManagerTests.swift; sourceTree = "<group>"; };
		TSTF017 /* ScreenRecordingManagerTests.swift */ = {isa = PBXFileReference; lastKnownFileType = sourcecode.swift; path = ScreenRecordingManagerTests.swift; sourceTree = "<group>"; };
		TSTF018 /* WebcamManagerTests.swift */ = {isa = PBXFileReference; lastKnownFileType = sourcecode.swift; path = WebcamManagerTests.swift; sourceTree = "<group>"; };
		TSTF019 /* ScrollingCaptureTests.swift */ = {isa = PBXFileReference; lastKnownFileType = sourcecode.swift; path = ScrollingCaptureTests.swift; sourceTree = "<group>"; };
		TSTF020 /* MenuBarControllerTests.swift */ = {isa = PBXFileReference; lastKnownFileType = sourcecode.swift; path = MenuBarControllerTests.swift; sourceTree = "<group>"; };
/* End PBXFileReference section */

/* Begin PBXFrameworksBuildPhase section */
		SC200 /* Frameworks */ = {
			isa = PBXFrameworksBuildPhase;
			buildActionMask = 2147483647;
			files = (
			);
			runOnlyForDeploymentPostprocessing = 0;
		};
		TSTFWK001 /* Frameworks */ = {
			isa = PBXFrameworksBuildPhase;
			buildActionMask = 2147483647;
			files = (
			);
			runOnlyForDeploymentPostprocessing = 0;
		};
		TSTFWK002 /* Frameworks */ = {
			isa = PBXFrameworksBuildPhase;
			buildActionMask = 2147483647;
			files = (
			);
			runOnlyForDeploymentPostprocessing = 0;
		};
		TSTFWK003 /* Frameworks */ = {
			isa = PBXFrameworksBuildPhase;
			buildActionMask = 2147483647;
			files = (
			);
			runOnlyForDeploymentPostprocessing = 0;
		};
/* End PBXFrameworksBuildPhase section */

/* Begin PBXGroup section */
		SC300 = {
			isa = PBXGroup;
			children = (
				SC301 /* ScreenCapture */,
				TSTGRP001 /* ScreenCaptureTests */,
				TSTGRP002 /* ScreenCaptureIntegrationTests */,
				TSTGRP003 /* ScreenCaptureUITests */,
				SC302 /* Products */,
			);
			sourceTree = "<group>";
		};
		SC301 /* ScreenCapture */ = {
			isa = PBXGroup;
			children = (
				SC303 /* App */,
				SC304 /* Core */,
				SC305 /* Views */,
				SC306 /* Services */,
				SC307 /* Models */,
				SC308 /* Resources */,
			);
			path = ScreenCapture;
			sourceTree = "<group>";
		};
		SC302 /* Products */ = {
			isa = PBXGroup;
			children = (
				SC100 /* ScreenCapture.app */,
				TSTPROD001 /* ScreenCaptureTests.xctest */,
				TSTPROD002 /* ScreenCaptureIntegrationTests.xctest */,
				TSTPROD003 /* ScreenCaptureUITests.xctest */,
			);
			name = Products;
			sourceTree = "<group>";
		};
		SC303 /* App */ = {
			isa = PBXGroup;
			children = (
				SC101 /* ScreenCaptureApp.swift */,
				SC102 /* AppDelegate.swift */,
				SC103 /* MenuBarController.swift */,
			);
			path = App;
			sourceTree = "<group>";
		};
		SC304 /* Core */ = {
			isa = PBXGroup;
			children = (
				DACD5AD72F140FF500B8D83F /* SystemShortcutManager.swift */,
				DACD5AD82F140FF500B8D83F /* WebcamManager.swift */,
				SC104 /* ScreenshotManager.swift */,
				SC105 /* ScreenRecordingManager.swift */,
				SC115 /* KeyboardShortcuts.swift */,
				SC120 /* ScrollingCapture.swift */,
				SC121 /* GIFEncoder.swift */,
				SC123 /* DebugLogger.swift */,
			);
			path = Core;
			sourceTree = "<group>";
		};
		SC305 /* Views */ = {
			isa = PBXGroup;
			children = (
				SC124 /* DesignSystem.swift */,
				SC106 /* AnnotationEditor.swift */,
				SC107 /* QuickAccessOverlay.swift */,
				SC108 /* CaptureHistoryView.swift */,
				SC109 /* PinnedScreenshotWindow.swift */,
				SC111 /* PreferencesView.swift */,
				SC112 /* SelectionOverlay.swift */,
				SC117 /* AnnotationCanvas.swift */,
				SC118 /* ToolbarView.swift */,
				SC119 /* ColorPickerView.swift */,
				SC122 /* BackgroundTool.swift */,
				SC126 /* KeyboardShortcutsOverlay.swift */,
				SC127 /* LayerPanelView.swift */,
			);
			path = Views;
			sourceTree = "<group>";
		};
		SC306 /* Services */ = {
			isa = PBXGroup;
			children = (
				SC110 /* OCRService.swift */,
				SC114 /* StorageManager.swift */,
			);
			path = Services;
			sourceTree = "<group>";
		};
		SC307 /* Models */ = {
			isa = PBXGroup;
			children = (
				SC113 /* CaptureModel.swift */,
				SC116 /* AnnotationTypes.swift */,
			);
			path = Models;
			sourceTree = "<group>";
		};
		SC308 /* Resources */ = {
			isa = PBXGroup;
			children = (
				SC150 /* Assets.xcassets */,
				SC151 /* MainMenu.xib */,
				SC152 /* Info.plist */,
				SC153 /* ScreenCapture.entitlements */,
			);
			path = Resources;
			sourceTree = "<group>";
		};
		TSTGRP001 /* ScreenCaptureTests */ = {
			isa = PBXGroup;
			children = (
				TSTGRP008 /* App */,
				TSTGRP006 /* Core */,
				TSTGRP004 /* Models */,
				TSTGRP005 /* Services */,
				TSTGRP007 /* TestHelpers */,
			);
			path = ScreenCaptureTests;
			sourceTree = "<group>";
		};
		TSTGRP002 /* ScreenCaptureIntegrationTests */ = {
			isa = PBXGroup;
			children = (
				TSTF007 /* StorageIntegrationTests.swift */,
			);
			path = ScreenCaptureIntegrationTests;
			sourceTree = "<group>";
		};
		TSTGRP003 /* ScreenCaptureUITests */ = {
			isa = PBXGroup;
			children = (
				TSTF008 /* ScreenCaptureUITests.swift */,
			);
			path = ScreenCaptureUITests;
			sourceTree = "<group>";
		};
		TSTGRP004 /* Models */ = {
			isa = PBXGroup;
			children = (
				TSTF001 /* CaptureItemTests.swift */,
				TSTF002 /* CaptureHistoryTests.swift */,
				TSTF003 /* AnnotationTypesTests.swift */,
			);
			path = Models;
			sourceTree = "<group>";
		};
		TSTGRP005 /* Services */ = {
			isa = PBXGroup;
			children = (
				TSTF004 /* StorageManagerTests.swift */,
				TSTF010 /* OCRServiceTests.swift */,
			);
			path = Services;
			sourceTree = "<group>";
		};
		TSTGRP006 /* Core */ = {
			isa = PBXGroup;
			children = (
				TSTF005 /* GIFEncoderTests.swift */,
				TSTF009 /* KeyboardShortcutsTests.swift */,
				TSTF011 /* ImageStitcherTests.swift */,
				TSTF012 /* DebugLoggerTests.swift */,
				TSTF014 /* SystemShortcutManagerTests.swift */,
				TSTF016 /* ScreenshotManagerTests.swift */,
				TSTF017 /* ScreenRecordingManagerTests.swift */,
				TSTF018 /* WebcamManagerTests.swift */,
				TSTF019 /* ScrollingCaptureTests.swift */,
			);
			path = Core;
			sourceTree = "<group>";
		};
		TSTGRP007 /* TestHelpers */ = {
			isa = PBXGroup;
			children = (
				TSTF006 /* TestImageGenerator.swift */,
				TSTF013 /* Mocks.swift */,
			);
			path = TestHelpers;
			sourceTree = "<group>";
		};
		TSTGRP008 /* App */ = {
			isa = PBXGroup;
			children = (
				TSTF020 /* MenuBarControllerTests.swift */,
			);
			path = App;
			sourceTree = "<group>";
		};
/* End PBXGroup section */

/* Begin PBXNativeTarget section */
		SC400 /* ScreenCapture */ = {
			isa = PBXNativeTarget;
			buildConfigurationList = SC500 /* Build configuration list for PBXNativeTarget "ScreenCapture" */;
			buildPhases = (
				SC401 /* Sources */,
				SC200 /* Frameworks */,
				SC402 /* Resources */,
			);
			buildRules = (
			);
			dependencies = (
			);
			name = ScreenCapture;
			productName = ScreenCapture;
			productReference = SC100 /* ScreenCapture.app */;
			productType = "com.apple.product-type.application";
		};
		TSTTGT001 /* ScreenCaptureTests */ = {
			isa = PBXNativeTarget;
			buildConfigurationList = TSTCFG001 /* Build configuration list for PBXNativeTarget "ScreenCaptureTests" */;
			buildPhases = (
				TSTSRC001 /* Sources */,
				TSTFWK001 /* Frameworks */,
				TSTRES001 /* Resources */,
			);
			buildRules = (
			);
			dependencies = (
				TSTDEP001 /* PBXTargetDependency */,
			);
			name = ScreenCaptureTests;
			productName = ScreenCaptureTests;
			productReference = TSTPROD001 /* ScreenCaptureTests.xctest */;
			productType = "com.apple.product-type.bundle.unit-test";
		};
		TSTTGT002 /* ScreenCaptureIntegrationTests */ = {
			isa = PBXNativeTarget;
			buildConfigurationList = TSTCFG002 /* Build configuration list for PBXNativeTarget "ScreenCaptureIntegrationTests" */;
			buildPhases = (
				TSTSRC002 /* Sources */,
				TSTFWK002 /* Frameworks */,
				TSTRES002 /* Resources */,
			);
			buildRules = (
			);
			dependencies = (
				TSTDEP002 /* PBXTargetDependency */,
			);
			name = ScreenCaptureIntegrationTests;
			productName = ScreenCaptureIntegrationTests;
			productReference = TSTPROD002 /* ScreenCaptureIntegrationTests.xctest */;
			productType = "com.apple.product-type.bundle.unit-test";
		};
		TSTTGT003 /* ScreenCaptureUITests */ = {
			isa = PBXNativeTarget;
			buildConfigurationList = TSTCFG003 /* Build configuration list for PBXNativeTarget "ScreenCaptureUITests" */;
			buildPhases = (
				TSTSRC003 /* Sources */,
				TSTFWK003 /* Frameworks */,
				TSTRES003 /* Resources */,
			);
			buildRules = (
			);
			dependencies = (
				TSTDEP003 /* PBXTargetDependency */,
			);
			name = ScreenCaptureUITests;
			productName = ScreenCaptureUITests;
			productReference = TSTPROD003 /* ScreenCaptureUITests.xctest */;
			productType = "com.apple.product-type.bundle.ui-testing";
		};
/* End PBXNativeTarget section */

/* Begin PBXProject section */
		SC600 /* Project object */ = {
			isa = PBXProject;
			attributes = {
				BuildIndependentTargetsInParallel = 1;
				LastSwiftUpdateCheck = 1500;
				LastUpgradeCheck = 1610;
				TargetAttributes = {
					SC400 = {
						CreatedOnToolsVersion = 15.0;
					};
					TSTTGT001 = {
						CreatedOnToolsVersion = 15.0;
						TestTargetID = SC400;
					};
					TSTTGT002 = {
						CreatedOnToolsVersion = 15.0;
						TestTargetID = SC400;
					};
					TSTTGT003 = {
						CreatedOnToolsVersion = 15.0;
						TestTargetID = SC400;
					};
				};
			};
			buildConfigurationList = SC700 /* Build configuration list for PBXProject "ScreenCapture" */;
			compatibilityVersion = "Xcode 14.0";
			developmentRegion = en;
			hasScannedForEncodings = 0;
			knownRegions = (
				en,
				Base,
			);
			mainGroup = SC300;
			productRefGroup = SC302 /* Products */;
			projectDirPath = "";
			projectRoot = "";
			targets = (
				SC400 /* ScreenCapture */,
				TSTTGT001 /* ScreenCaptureTests */,
				TSTTGT002 /* ScreenCaptureIntegrationTests */,
				TSTTGT003 /* ScreenCaptureUITests */,
			);
		};
/* End PBXProject section */

/* Begin PBXResourcesBuildPhase section */
		SC402 /* Resources */ = {
			isa = PBXResourcesBuildPhase;
			buildActionMask = 2147483647;
			files = (
				SC023 /* Assets.xcassets in Resources */,
				SC024 /* MainMenu.xib in Resources */,
			);
			runOnlyForDeploymentPostprocessing = 0;
		};
		TSTRES001 /* Resources */ = {
			isa = PBXResourcesBuildPhase;
			buildActionMask = 2147483647;
			files = (
			);
			runOnlyForDeploymentPostprocessing = 0;
		};
		TSTRES002 /* Resources */ = {
			isa = PBXResourcesBuildPhase;
			buildActionMask = 2147483647;
			files = (
			);
			runOnlyForDeploymentPostprocessing = 0;
		};
		TSTRES003 /* Resources */ = {
			isa = PBXResourcesBuildPhase;
			buildActionMask = 2147483647;
			files = (
			);
			runOnlyForDeploymentPostprocessing = 0;
		};
/* End PBXResourcesBuildPhase section */

/* Begin PBXSourcesBuildPhase section */
		SC401 /* Sources */ = {
			isa = PBXSourcesBuildPhase;
			buildActionMask = 2147483647;
			files = (
				SC026 /* DesignSystem.swift in Sources */,
				SC025 /* DebugLogger.swift in Sources */,
				SC013 /* CaptureModel.swift in Sources */,
				SC016 /* AnnotationTypes.swift in Sources */,
				SC014 /* StorageManager.swift in Sources */,
				DACD5AD92F140FF500B8D83F /* SystemShortcutManager.swift in Sources */,
				DACD5ADA2F140FF500B8D83F /* WebcamManager.swift in Sources */,
				SC001 /* ScreenCaptureApp.swift in Sources */,
				SC002 /* AppDelegate.swift in Sources */,
				SC003 /* MenuBarController.swift in Sources */,
				SC004 /* ScreenshotManager.swift in Sources */,
				SC005 /* ScreenRecordingManager.swift in Sources */,
				SC015 /* KeyboardShortcuts.swift in Sources */,
				SC010 /* OCRService.swift in Sources */,
				SC020 /* ScrollingCapture.swift in Sources */,
				SC021 /* GIFEncoder.swift in Sources */,
				SC009 /* PinnedScreenshotWindow.swift in Sources */,
				SC019 /* ColorPickerView.swift in Sources */,
				SC018 /* ToolbarView.swift in Sources */,
				SC017 /* AnnotationCanvas.swift in Sources */,
				SC012 /* SelectionOverlay.swift in Sources */,
				SC022 /* BackgroundTool.swift in Sources */,
				SC006 /* AnnotationEditor.swift in Sources */,
				SC007 /* QuickAccessOverlay.swift in Sources */,
				SC008 /* CaptureHistoryView.swift in Sources */,
				SC011 /* PreferencesView.swift in Sources */,
				SC028 /* KeyboardShortcutsOverlay.swift in Sources */,
				SC029 /* LayerPanelView.swift in Sources */,
			);
			runOnlyForDeploymentPostprocessing = 0;
		};
		TSTSRC001 /* Sources */ = {
			isa = PBXSourcesBuildPhase;
			buildActionMask = 2147483647;
			files = (
				TST001 /* CaptureItemTests.swift in Sources */,
				TST002 /* CaptureHistoryTests.swift in Sources */,
				TST003 /* AnnotationTypesTests.swift in Sources */,
				TST004 /* StorageManagerTests.swift in Sources */,
				TST005 /* GIFEncoderTests.swift in Sources */,
				TST006 /* TestImageGenerator.swift in Sources */,
				TST009 /* KeyboardShortcutsTests.swift in Sources */,
				TST010 /* OCRServiceTests.swift in Sources */,
				TST011 /* ImageStitcherTests.swift in Sources */,
				TST012 /* DebugLoggerTests.swift in Sources */,
				TST013 /* Mocks.swift in Sources */,
				TST014 /* SystemShortcutManagerTests.swift in Sources */,
				TST016 /* ScreenshotManagerTests.swift in Sources */,
				TST017 /* ScreenRecordingManagerTests.swift in Sources */,
				TST018 /* WebcamManagerTests.swift in Sources */,
				TST019 /* ScrollingCaptureTests.swift in Sources */,
				TST020 /* MenuBarControllerTests.swift in Sources */,
			);
			runOnlyForDeploymentPostprocessing = 0;
		};
		TSTSRC002 /* Sources */ = {
			isa = PBXSourcesBuildPhase;
			buildActionMask = 2147483647;
			files = (
				TST007 /* StorageIntegrationTests.swift in Sources */,
			);
			runOnlyForDeploymentPostprocessing = 0;
		};
		TSTSRC003 /* Sources */ = {
			isa = PBXSourcesBuildPhase;
			buildActionMask = 2147483647;
			files = (
				TST008 /* ScreenCaptureUITests.swift in Sources */,
			);
			runOnlyForDeploymentPostprocessing = 0;
		};
/* End PBXSourcesBuildPhase section */

/* Begin PBXTargetDependency section */
		TSTDEP001 /* PBXTargetDependency */ = {
			isa = PBXTargetDependency;
			target = SC400 /* ScreenCapture */;
			targetProxy = TSTPROXY001 /* PBXContainerItemProxy */;
		};
		TSTDEP002 /* PBXTargetDependency */ = {
			isa = PBXTargetDependency;
			target = SC400 /* ScreenCapture */;
			targetProxy = TSTPROXY002 /* PBXContainerItemProxy */;
		};
		TSTDEP003 /* PBXTargetDependency */ = {
			isa = PBXTargetDependency;
			target = SC400 /* ScreenCapture */;
			targetProxy = TSTPROXY003 /* PBXContainerItemProxy */;
		};
/* End PBXTargetDependency section */

/* Begin XCBuildConfiguration section */
		SC501 /* Debug */ = {
			isa = XCBuildConfiguration;
			buildSettings = {
				ASSETCATALOG_COMPILER_APPICON_NAME = AppIcon;
				DEAD_CODE_STRIPPING = YES;
				ASSETCATALOG_COMPILER_GLOBAL_ACCENT_COLOR_NAME = AccentColor;
				CODE_SIGN_ENTITLEMENTS = ScreenCapture/Resources/ScreenCapture.entitlements;
				CODE_SIGN_IDENTITY = "Apple Development";
				CODE_SIGN_STYLE = Manual;
				COMBINE_HIDPI_IMAGES = YES;
				CURRENT_PROJECT_VERSION = 1;
				DEVELOPMENT_TEAM = "";
				ENABLE_HARDENED_RUNTIME = YES;
				GENERATE_INFOPLIST_FILE = NO;
				INFOPLIST_FILE = ScreenCapture/Resources/Info.plist;
				INFOPLIST_KEY_CFBundleDisplayName = ScreenCapture;
				INFOPLIST_KEY_LSApplicationCategoryType = "public.app-category.productivity";
				INFOPLIST_KEY_NSHumanReadableCopyright = "";
				LD_RUNPATH_SEARCH_PATHS = (
					"$(inherited)",
					"@executable_path/../Frameworks",
				);
				MARKETING_VERSION = 1.0;
				PRODUCT_BUNDLE_IDENTIFIER = com.screencapture.app;
				PRODUCT_NAME = "$(TARGET_NAME)";
				SWIFT_EMIT_LOC_STRINGS = YES;
				SWIFT_VERSION = 5.0;
			};
			name = Debug;
		};
		SC502 /* Release */ = {
			isa = XCBuildConfiguration;
			buildSettings = {
				ASSETCATALOG_COMPILER_APPICON_NAME = AppIcon;
				DEAD_CODE_STRIPPING = YES;
				ASSETCATALOG_COMPILER_GLOBAL_ACCENT_COLOR_NAME = AccentColor;
				CODE_SIGN_ENTITLEMENTS = ScreenCapture/Resources/ScreenCapture.entitlements;
				CODE_SIGN_IDENTITY = "Apple Development";
				CODE_SIGN_STYLE = Manual;
				COMBINE_HIDPI_IMAGES = YES;
				CURRENT_PROJECT_VERSION = 1;
				DEVELOPMENT_TEAM = "";
				ENABLE_HARDENED_RUNTIME = YES;
				GENERATE_INFOPLIST_FILE = NO;
				INFOPLIST_FILE = ScreenCapture/Resources/Info.plist;
				INFOPLIST_KEY_CFBundleDisplayName = ScreenCapture;
				INFOPLIST_KEY_LSApplicationCategoryType = "public.app-category.productivity";
				INFOPLIST_KEY_NSHumanReadableCopyright = "";
				LD_RUNPATH_SEARCH_PATHS = (
					"$(inherited)",
					"@executable_path/../Frameworks",
				);
				MARKETING_VERSION = 1.0;
				PRODUCT_BUNDLE_IDENTIFIER = com.screencapture.app;
				PRODUCT_NAME = "$(TARGET_NAME)";
				SWIFT_EMIT_LOC_STRINGS = YES;
				SWIFT_VERSION = 5.0;
			};
			name = Release;
		};
		SC701 /* Debug */ = {
			isa = XCBuildConfiguration;
			buildSettings = {
				ALWAYS_SEARCH_USER_PATHS = NO;
				ASSETCATALOG_COMPILER_GENERATE_SWIFT_ASSET_SYMBOL_EXTENSIONS = YES;
				CLANG_ANALYZER_NONNULL = YES;
				CLANG_ANALYZER_NUMBER_OBJECT_CONVERSION = YES_AGGRESSIVE;
				CLANG_CXX_LANGUAGE_STANDARD = "gnu++20";
				CLANG_ENABLE_MODULES = YES;
				CLANG_ENABLE_OBJC_ARC = YES;
				CLANG_ENABLE_OBJC_WEAK = YES;
				CLANG_WARN_BLOCK_CAPTURE_AUTORELEASING = YES;
				CLANG_WARN_BOOL_CONVERSION = YES;
				CLANG_WARN_COMMA = YES;
				CLANG_WARN_CONSTANT_CONVERSION = YES;
				CLANG_WARN_DEPRECATED_OBJC_IMPLEMENTATIONS = YES;
				CLANG_WARN_DIRECT_OBJC_ISA_USAGE = YES_ERROR;
				CLANG_WARN_DOCUMENTATION_COMMENTS = YES;
				CLANG_WARN_EMPTY_BODY = YES;
				CLANG_WARN_ENUM_CONVERSION = YES;
				CLANG_WARN_INFINITE_RECURSION = YES;
				CLANG_WARN_INT_CONVERSION = YES;
				CLANG_WARN_NON_LITERAL_NULL_CONVERSION = YES;
				CLANG_WARN_OBJC_IMPLICIT_RETAIN_SELF = YES;
				CLANG_WARN_OBJC_LITERAL_CONVERSION = YES;
				CLANG_WARN_OBJC_ROOT_CLASS = YES_ERROR;
				CLANG_WARN_QUOTED_INCLUDE_IN_FRAMEWORK_HEADER = YES;
				CLANG_WARN_RANGE_LOOP_ANALYSIS = YES;
				CLANG_WARN_STRICT_PROTOTYPES = YES;
				CLANG_WARN_SUSPICIOUS_MOVE = YES;
				CLANG_WARN_UNGUARDED_AVAILABILITY = YES_AGGRESSIVE;
				CLANG_WARN_UNREACHABLE_CODE = YES;
				CLANG_WARN__DUPLICATE_METHOD_MATCH = YES;
				COPY_PHASE_STRIP = NO;
				DEBUG_INFORMATION_FORMAT = dwarf;
				ENABLE_STRICT_OBJC_MSGSEND = YES;
				ENABLE_TESTABILITY = YES;
				ENABLE_USER_SCRIPT_SANDBOXING = YES;
				GCC_C_LANGUAGE_STANDARD = gnu17;
				GCC_DYNAMIC_NO_PIC = NO;
				GCC_NO_COMMON_BLOCKS = YES;
				GCC_OPTIMIZATION_LEVEL = 0;
				GCC_PREPROCESSOR_DEFINITIONS = (
					"DEBUG=1",
					"$(inherited)",
				);
				GCC_WARN_64_TO_32_BIT_CONVERSION = YES;
				GCC_WARN_ABOUT_RETURN_TYPE = YES_ERROR;
				GCC_WARN_UNDECLARED_SELECTOR = YES;
				GCC_WARN_UNINITIALIZED_AUTOS = YES_AGGRESSIVE;
				GCC_WARN_UNUSED_FUNCTION = YES;
				GCC_WARN_UNUSED_VARIABLE = YES;
				MACOSX_DEPLOYMENT_TARGET = 14.0;
				MTL_ENABLE_DEBUG_INFO = INCLUDE_SOURCE;
				MTL_FAST_MATH = YES;
				ONLY_ACTIVE_ARCH = YES;
				SDKROOT = macosx;
				SWIFT_ACTIVE_COMPILATION_CONDITIONS = "DEBUG $(inherited)";
				SWIFT_OPTIMIZATION_LEVEL = "-Onone";
			};
			name = Debug;
		};
		SC702 /* Release */ = {
			isa = XCBuildConfiguration;
			buildSettings = {
				ALWAYS_SEARCH_USER_PATHS = NO;
				ASSETCATALOG_COMPILER_GENERATE_SWIFT_ASSET_SYMBOL_EXTENSIONS = YES;
				CLANG_ANALYZER_NONNULL = YES;
				CLANG_ANALYZER_NUMBER_OBJECT_CONVERSION = YES_AGGRESSIVE;
				CLANG_CXX_LANGUAGE_STANDARD = "gnu++20";
				CLANG_ENABLE_MODULES = YES;
				CLANG_ENABLE_OBJC_ARC = YES;
				CLANG_ENABLE_OBJC_WEAK = YES;
				CLANG_WARN_BLOCK_CAPTURE_AUTORELEASING = YES;
				CLANG_WARN_BOOL_CONVERSION = YES;
				CLANG_WARN_COMMA = YES;
				CLANG_WARN_CONSTANT_CONVERSION = YES;
				CLANG_WARN_DEPRECATED_OBJC_IMPLEMENTATIONS = YES;
				CLANG_WARN_DIRECT_OBJC_ISA_USAGE = YES_ERROR;
				CLANG_WARN_DOCUMENTATION_COMMENTS = YES;
				CLANG_WARN_EMPTY_BODY = YES;
				CLANG_WARN_ENUM_CONVERSION = YES;
				CLANG_WARN_INFINITE_RECURSION = YES;
				CLANG_WARN_INT_CONVERSION = YES;
				CLANG_WARN_NON_LITERAL_NULL_CONVERSION = YES;
				CLANG_WARN_OBJC_IMPLICIT_RETAIN_SELF = YES;
				CLANG_WARN_OBJC_LITERAL_CONVERSION = YES;
				CLANG_WARN_OBJC_ROOT_CLASS = YES_ERROR;
				CLANG_WARN_QUOTED_INCLUDE_IN_FRAMEWORK_HEADER = YES;
				CLANG_WARN_RANGE_LOOP_ANALYSIS = YES;
				CLANG_WARN_STRICT_PROTOTYPES = YES;
				CLANG_WARN_SUSPICIOUS_MOVE = YES;
				CLANG_WARN_UNGUARDED_AVAILABILITY = YES_AGGRESSIVE;
				CLANG_WARN_UNREACHABLE_CODE = YES;
				CLANG_WARN__DUPLICATE_METHOD_MATCH = YES;
				COPY_PHASE_STRIP = NO;
				DEBUG_INFORMATION_FORMAT = "dwarf-with-dsym";
				ENABLE_NS_ASSERTIONS = NO;
				ENABLE_STRICT_OBJC_MSGSEND = YES;
				ENABLE_USER_SCRIPT_SANDBOXING = YES;
				GCC_C_LANGUAGE_STANDARD = gnu17;
				GCC_NO_COMMON_BLOCKS = YES;
				GCC_WARN_64_TO_32_BIT_CONVERSION = YES;
				GCC_WARN_ABOUT_RETURN_TYPE = YES_ERROR;
				GCC_WARN_UNDECLARED_SELECTOR = YES;
				GCC_WARN_UNINITIALIZED_AUTOS = YES_AGGRESSIVE;
				GCC_WARN_UNUSED_FUNCTION = YES;
				GCC_WARN_UNUSED_VARIABLE = YES;
				MACOSX_DEPLOYMENT_TARGET = 14.0;
				MTL_ENABLE_DEBUG_INFO = NO;
				MTL_FAST_MATH = YES;
				SDKROOT = macosx;
				SWIFT_COMPILATION_MODE = wholemodule;
			};
			name = Release;
		};
		TSTCFGDBG001 /* Debug */ = {
			isa = XCBuildConfiguration;
			buildSettings = {
				BUNDLE_LOADER = "$(TEST_HOST)";
				CODE_SIGN_STYLE = Automatic;
				CURRENT_PROJECT_VERSION = 1;
				DEAD_CODE_STRIPPING = YES;
				GENERATE_INFOPLIST_FILE = YES;
				MACOSX_DEPLOYMENT_TARGET = 14.0;
				MARKETING_VERSION = 1.0;
				PRODUCT_BUNDLE_IDENTIFIER = com.screencapture.app.tests;
				PRODUCT_NAME = "$(TARGET_NAME)";
				SWIFT_EMIT_LOC_STRINGS = NO;
				SWIFT_VERSION = 5.0;
				TEST_HOST = "$(BUILT_PRODUCTS_DIR)/ScreenCapture.app/Contents/MacOS/ScreenCapture";
			};
			name = Debug;
		};
		TSTCFGREL001 /* Release */ = {
			isa = XCBuildConfiguration;
			buildSettings = {
				BUNDLE_LOADER = "$(TEST_HOST)";
				CODE_SIGN_STYLE = Automatic;
				CURRENT_PROJECT_VERSION = 1;
				DEAD_CODE_STRIPPING = YES;
				GENERATE_INFOPLIST_FILE = YES;
				MACOSX_DEPLOYMENT_TARGET = 14.0;
				MARKETING_VERSION = 1.0;
				PRODUCT_BUNDLE_IDENTIFIER = com.screencapture.app.tests;
				PRODUCT_NAME = "$(TARGET_NAME)";
				SWIFT_EMIT_LOC_STRINGS = NO;
				SWIFT_VERSION = 5.0;
				TEST_HOST = "$(BUILT_PRODUCTS_DIR)/ScreenCapture.app/Contents/MacOS/ScreenCapture";
			};
			name = Release;
		};
		TSTCFGDBG002 /* Debug */ = {
			isa = XCBuildConfiguration;
			buildSettings = {
				BUNDLE_LOADER = "$(TEST_HOST)";
				CODE_SIGN_STYLE = Automatic;
				CURRENT_PROJECT_VERSION = 1;
				DEAD_CODE_STRIPPING = YES;
				GENERATE_INFOPLIST_FILE = YES;
				MACOSX_DEPLOYMENT_TARGET = 14.0;
				MARKETING_VERSION = 1.0;
				PRODUCT_BUNDLE_IDENTIFIER = com.screencapture.app.integrationtests;
				PRODUCT_NAME = "$(TARGET_NAME)";
				SWIFT_EMIT_LOC_STRINGS = NO;
				SWIFT_VERSION = 5.0;
				TEST_HOST = "$(BUILT_PRODUCTS_DIR)/ScreenCapture.app/Contents/MacOS/ScreenCapture";
			};
			name = Debug;
		};
		TSTCFGREL002 /* Release */ = {
			isa = XCBuildConfiguration;
			buildSettings = {
				BUNDLE_LOADER = "$(TEST_HOST)";
				CODE_SIGN_STYLE = Automatic;
				CURRENT_PROJECT_VERSION = 1;
				DEAD_CODE_STRIPPING = YES;
				GENERATE_INFOPLIST_FILE = YES;
				MACOSX_DEPLOYMENT_TARGET = 14.0;
				MARKETING_VERSION = 1.0;
				PRODUCT_BUNDLE_IDENTIFIER = com.screencapture.app.integrationtests;
				PRODUCT_NAME = "$(TARGET_NAME)";
				SWIFT_EMIT_LOC_STRINGS = NO;
				SWIFT_VERSION = 5.0;
				TEST_HOST = "$(BUILT_PRODUCTS_DIR)/ScreenCapture.app/Contents/MacOS/ScreenCapture";
			};
			name = Release;
		};
		TSTCFGDBG003 /* Debug */ = {
			isa = XCBuildConfiguration;
			buildSettings = {
				CODE_SIGN_STYLE = Automatic;
				CURRENT_PROJECT_VERSION = 1;
				DEAD_CODE_STRIPPING = YES;
				GENERATE_INFOPLIST_FILE = YES;
				MACOSX_DEPLOYMENT_TARGET = 14.0;
				MARKETING_VERSION = 1.0;
				PRODUCT_BUNDLE_IDENTIFIER = com.screencapture.app.uitests;
				PRODUCT_NAME = "$(TARGET_NAME)";
				SWIFT_EMIT_LOC_STRINGS = NO;
				SWIFT_VERSION = 5.0;
				TEST_TARGET_NAME = ScreenCapture;
			};
			name = Debug;
		};
		TSTCFGREL003 /* Release */ = {
			isa = XCBuildConfiguration;
			buildSettings = {
				CODE_SIGN_STYLE = Automatic;
				CURRENT_PROJECT_VERSION = 1;
				DEAD_CODE_STRIPPING = YES;
				GENERATE_INFOPLIST_FILE = YES;
				MACOSX_DEPLOYMENT_TARGET = 14.0;
				MARKETING_VERSION = 1.0;
				PRODUCT_BUNDLE_IDENTIFIER = com.screencapture.app.uitests;
				PRODUCT_NAME = "$(TARGET_NAME)";
				SWIFT_EMIT_LOC_STRINGS = NO;
				SWIFT_VERSION = 5.0;
				TEST_TARGET_NAME = ScreenCapture;
			};
			name = Release;
		};
/* End XCBuildConfiguration section */

/* Begin XCConfigurationList section */
		SC500 /* Build configuration list for PBXNativeTarget "ScreenCapture" */ = {
			isa = XCConfigurationList;
			buildConfigurations = (
				SC501 /* Debug */,
				SC502 /* Release */,
			);
			defaultConfigurationIsVisible = 0;
			defaultConfigurationName = Release;
		};
		SC700 /* Build configuration list for PBXProject "ScreenCapture" */ = {
			isa = XCConfigurationList;
			buildConfigurations = (
				SC701 /* Debug */,
				SC702 /* Release */,
			);
			defaultConfigurationIsVisible = 0;
			defaultConfigurationName = Release;
		};
		TSTCFG001 /* Build configuration list for PBXNativeTarget "ScreenCaptureTests" */ = {
			isa = XCConfigurationList;
			buildConfigurations = (
				TSTCFGDBG001 /* Debug */,
				TSTCFGREL001 /* Release */,
			);
			defaultConfigurationIsVisible = 0;
			defaultConfigurationName = Release;
		};
		TSTCFG002 /* Build configuration list for PBXNativeTarget "ScreenCaptureIntegrationTests" */ = {
			isa = XCConfigurationList;
			buildConfigurations = (
				TSTCFGDBG002 /* Debug */,
				TSTCFGREL002 /* Release */,
			);
			defaultConfigurationIsVisible = 0;
			defaultConfigurationName = Release;
		};
		TSTCFG003 /* Build configuration list for PBXNativeTarget "ScreenCaptureUITests" */ = {
			isa = XCConfigurationList;
			buildConfigurations = (
				TSTCFGDBG003 /* Debug */,
				TSTCFGREL003 /* Release */,
			);
			defaultConfigurationIsVisible = 0;
			defaultConfigurationName = Release;
		};
/* End XCConfigurationList section */
	};
	rootObject = SC600 /* Project object */;
}
